
Microsoft Visual Studio Solution File, Format Version 12.00
# Visual Studio 15
VisualStudioVersion = 15.0.26228.10
MinimumVisualStudioVersion = 10.0.40219.1
Project("{2150E333-8FDC-42A3-9474-1A3956D46DE8}") = "Solution Items", "Solution Items", "{21A68903-DA59-4C9A-8318-E23DFFDA04E0}"
	ProjectSection(SolutionItems) = preProject
		ReadMe.md = ReadMe.md
	EndProjectSection
EndProject
Project("{2150E333-8FDC-42A3-9474-1A3956D46DE8}") = "Combat", "Combat", "{923C506C-D9C9-4E60-9B66-0D3CBD0AF2BD}"
EndProject
Project("{FAE04EC0-301F-11D3-BF4B-00C04F79EFBC}") = "Combat", "Combat\Combat.csproj", "{2B090CB1-3A18-4670-B996-315857F16643}"
EndProject
Project("{FAE04EC0-301F-11D3-BF4B-00C04F79EFBC}") = "Combat.UnitTests", "Combat.UnitTests\Combat.UnitTests.csproj", "{EDFD0B51-2325-4A00-966E-E44634ABC3FA}"
EndProject
Global
	GlobalSection(SolutionConfigurationPlatforms) = preSolution
		Debug|Any CPU = Debug|Any CPU
		Release|Any CPU = Release|Any CPU
	EndGlobalSection
	GlobalSection(ProjectConfigurationPlatforms) = postSolution
		{2B090CB1-3A18-4670-B996-315857F16643}.Debug|Any CPU.ActiveCfg = Debug|Any CPU
		{2B090CB1-3A18-4670-B996-315857F16643}.Debug|Any CPU.Build.0 = Debug|Any CPU
		{2B090CB1-3A18-4670-B996-315857F16643}.Release|Any CPU.ActiveCfg = Release|Any CPU
		{2B090CB1-3A18-4670-B996-315857F16643}.Release|Any CPU.Build.0 = Release|Any CPU
		{EDFD0B51-2325-4A00-966E-E44634ABC3FA}.Debug|Any CPU.ActiveCfg = Debug|Any CPU
		{EDFD0B51-2325-4A00-966E-E44634ABC3FA}.Debug|Any CPU.Build.0 = Debug|Any CPU
		{EDFD0B51-2325-4A00-966E-E44634ABC3FA}.Release|Any CPU.ActiveCfg = Release|Any CPU
		{EDFD0B51-2325-4A00-966E-E44634ABC3FA}.Release|Any CPU.Build.0 = Release|Any CPU
	EndGlobalSection
	GlobalSection(SolutionProperties) = preSolution
		HideSolutionNode = FALSE
	EndGlobalSection
	GlobalSection(NestedProjects) = preSolution
		{2B090CB1-3A18-4670-B996-315857F16643} = {923C506C-D9C9-4E60-9B66-0D3CBD0AF2BD}
		{EDFD0B51-2325-4A00-966E-E44634ABC3FA} = {923C506C-D9C9-4E60-9B66-0D3CBD0AF2BD}
	EndGlobalSection
EndGlobal
